{
    "hash": "871bc7966847c2337b7a59bcb16ef2b1",
    "packages": [
        {
            "package": "monolog/monolog",
            "version": "1.0.2"
        },
        {
            "package": "symfony/event-dispatcher",
            "version": "dev-master",
            "source-reference": "f6b7f60b0c29ab8167de7d7c9ba78fc9cc283c64"
        },
        {
            "package": "symfony/finder",
            "version": "dev-master",
            "source-reference": "b3adc8d5c29593db93c0abc4711a1e25fd3a6fa0"
        },
        {
            "package": "symfony/routing",
            "version": "dev-master",
            "source-reference": "d3d9c02357b2db6503539d11f6c379ccd86f9cc4"
        },
        {
            "package": "twig/twig",
            "version": "1.6.1"
        }
    ],
    "aliases": []
}
